
Microsoft Visual Studio Solution File, Format Version 12.00
# Visual Studio Version 17
VisualStudioVersion = 17.11.35222.181
MinimumVisualStudioVersion = 10.0.40219.1
Project("{9A19103F-16F7-4668-BE54-9A1E7A4F7556}") = "Trife", "Trife\Trife.csproj", "{CAD9DB16-2115-4056-97B2-1EEAC9C603E6}"
EndProject
Project("{9A19103F-16F7-4668-BE54-9A1E7A4F7556}") = "Trife.Browser", "Trife.Browser\Trife.Browser.csproj", "{0B6F340A-D560-449A-BC99-C99DEE4338CB}"
EndProject
Project("{9A19103F-16F7-4668-BE54-9A1E7A4F7556}") = "Trife.Desktop", "Trife.Desktop\Trife.Desktop.csproj", "{6CEFC1DF-7EC4-4318-8233-C2C41B5EDC2E}"
EndProject
Project("{9A19103F-16F7-4668-BE54-9A1E7A4F7556}") = "ConnectionLibrary", "ConnectionLibrary\ConnectionLibrary.csproj", "{B8CAE410-40E1-48E3-B03B-CFDE8C889CA9}"
EndProject
Project("{FAE04EC0-301F-11D3-BF4B-00C04F79EFBC}") = "TestProject", "TestProject\TestProject.csproj", "{BFD74A5B-86CA-4028-BEC7-74E7E40FF897}"
EndProject
Global
	GlobalSection(SolutionConfigurationPlatforms) = preSolution
		Debug|Any CPU = Debug|Any CPU
		Release|Any CPU = Release|Any CPU
	EndGlobalSection
	GlobalSection(ProjectConfigurationPlatforms) = postSolution
		{CAD9DB16-2115-4056-97B2-1EEAC9C603E6}.Debug|Any CPU.ActiveCfg = Debug|Any CPU
		{CAD9DB16-2115-4056-97B2-1EEAC9C603E6}.Debug|Any CPU.Build.0 = Debug|Any CPU
		{CAD9DB16-2115-4056-97B2-1EEAC9C603E6}.Release|Any CPU.ActiveCfg = Release|Any CPU
		{CAD9DB16-2115-4056-97B2-1EEAC9C603E6}.Release|Any CPU.Build.0 = Release|Any CPU
		{0B6F340A-D560-449A-BC99-C99DEE4338CB}.Debug|Any CPU.ActiveCfg = Debug|Any CPU
		{0B6F340A-D560-449A-BC99-C99DEE4338CB}.Debug|Any CPU.Build.0 = Debug|Any CPU
		{0B6F340A-D560-449A-BC99-C99DEE4338CB}.Release|Any CPU.ActiveCfg = Release|Any CPU
		{0B6F340A-D560-449A-BC99-C99DEE4338CB}.Release|Any CPU.Build.0 = Release|Any CPU
		{6CEFC1DF-7EC4-4318-8233-C2C41B5EDC2E}.Debug|Any CPU.ActiveCfg = Debug|Any CPU
		{6CEFC1DF-7EC4-4318-8233-C2C41B5EDC2E}.Debug|Any CPU.Build.0 = Debug|Any CPU
		{6CEFC1DF-7EC4-4318-8233-C2C41B5EDC2E}.Release|Any CPU.ActiveCfg = Release|Any CPU
		{6CEFC1DF-7EC4-4318-8233-C2C41B5EDC2E}.Release|Any CPU.Build.0 = Release|Any CPU
		{B8CAE410-40E1-48E3-B03B-CFDE8C889CA9}.Debug|Any CPU.ActiveCfg = Debug|Any CPU
		{B8CAE410-40E1-48E3-B03B-CFDE8C889CA9}.Debug|Any CPU.Build.0 = Debug|Any CPU
		{B8CAE410-40E1-48E3-B03B-CFDE8C889CA9}.Release|Any CPU.ActiveCfg = Release|Any CPU
		{B8CAE410-40E1-48E3-B03B-CFDE8C889CA9}.Release|Any CPU.Build.0 = Release|Any CPU
		{BFD74A5B-86CA-4028-BEC7-74E7E40FF897}.Debug|Any CPU.ActiveCfg = Debug|Any CPU
		{BFD74A5B-86CA-4028-BEC7-74E7E40FF897}.Debug|Any CPU.Build.0 = Debug|Any CPU
		{BFD74A5B-86CA-4028-BEC7-74E7E40FF897}.Release|Any CPU.ActiveCfg = Release|Any CPU
		{BFD74A5B-86CA-4028-BEC7-74E7E40FF897}.Release|Any CPU.Build.0 = Release|Any CPU
	EndGlobalSection
	GlobalSection(SolutionProperties) = preSolution
		HideSolutionNode = FALSE
	EndGlobalSection
	GlobalSection(ExtensibilityGlobals) = postSolution
		SolutionGuid = {84CDF966-1E97-4DEA-8B74-CA8BBD343C4B}
	EndGlobalSection
EndGlobal
